{
  "name": "vercel-minimal",
  "version": "1.0.0",
  "lockfileVersion": 2,
  "requires": true,
  "packages": {
    "": {
      "name": "vercel-minimal",
      "version": "1.0.0",
      "license": "ISC",
      "dependencies": {
        "@neondatabase/serverless": "^0.1.13"
      }
    },
    "node_modules/@neondatabase/serverless": {
      "version": "0.1.13",
      "resolved": "https://registry.npmjs.org/@neondatabase/serverless/-/serverless-0.1.13.tgz",
      "integrity": "sha512-MBZI1MDUHgDHZI9XeY3Nyl+4al6y8E1LXW7ztSQwFqpjta3hEgSsfQwknldEaXupmOSUGDCSC6lAPFvbFUlVbw=="
    }
  },
  "dependencies": {
    "@neondatabase/serverless": {
      "version": "0.1.13",
      "resolved": "https://registry.npmjs.org/@neondatabase/serverless/-/serverless-0.1.13.tgz",
      "integrity": "sha512-MBZI1MDUHgDHZI9XeY3Nyl+4al6y8E1LXW7ztSQwFqpjta3hEgSsfQwknldEaXupmOSUGDCSC6lAPFvbFUlVbw=="
    }
  }
}
